
Microsoft Visual Studio Solution File, Format Version 12.00
# Visual Studio Version 17
VisualStudioVersion = 17.5.002.0
MinimumVisualStudioVersion = 10.0.40219.1
Project("{9A19103F-16F7-4668-BE54-9A1E7A4F7556}") = "AutoDiscovery.Server", "AutoDiscovery.Server.csproj", "{8B36C418-2629-4A4D-A7AA-89B7A5285E14}"
EndProject
Global
	GlobalSection(SolutionConfigurationPlatforms) = preSolution
		Debug|Any CPU = Debug|Any CPU
		Release|Any CPU = Release|Any CPU
	EndGlobalSection
	GlobalSection(ProjectConfigurationPlatforms) = postSolution
		{8B36C418-2629-4A4D-A7AA-89B7A5285E14}.Debug|Any CPU.ActiveCfg = Debug|Any CPU
		{8B36C418-2629-4A4D-A7AA-89B7A5285E14}.Debug|Any CPU.Build.0 = Debug|Any CPU
		{8B36C418-2629-4A4D-A7AA-89B7A5285E14}.Release|Any CPU.ActiveCfg = Release|Any CPU
		{8B36C418-2629-4A4D-A7AA-89B7A5285E14}.Release|Any CPU.Build.0 = Release|Any CPU
	EndGlobalSection
	GlobalSection(SolutionProperties) = preSolution
		HideSolutionNode = FALSE
	EndGlobalSection
	GlobalSection(ExtensibilityGlobals) = postSolution
		SolutionGuid = {9A6F37FC-C362-4182-BEA7-516235A0C314}
	EndGlobalSection
EndGlobal
